
Microsoft Visual Studio Solution File, Format Version 12.00
# Visual Studio Version 17
VisualStudioVersion = 17.7.34031.279
MinimumVisualStudioVersion = 10.0.40219.1
Project("{FAE04EC0-301F-11D3-BF4B-00C04F79EFBC}") = "TESTE.WebAPI", "TESTE.WebAPI\TESTE.WebAPI.csproj", "{2FAAA8FD-8504-4F32-B45E-C6AFA965F48B}"
EndProject
Project("{2150E333-8FDC-42A3-9474-1A3956D46DE8}") = "Shared", "Shared", "{AB7E2F15-68EB-418C-8D7E-8D9AFBDDD95C}"
EndProject
Global
	GlobalSection(SolutionConfigurationPlatforms) = preSolution
		Debug|Any CPU = Debug|Any CPU
		Release|Any CPU = Release|Any CPU
	EndGlobalSection
	GlobalSection(ProjectConfigurationPlatforms) = postSolution
		{2FAAA8FD-8504-4F32-B45E-C6AFA965F48B}.Debug|Any CPU.ActiveCfg = Debug|Any CPU
		{2FAAA8FD-8504-4F32-B45E-C6AFA965F48B}.Debug|Any CPU.Build.0 = Debug|Any CPU
		{2FAAA8FD-8504-4F32-B45E-C6AFA965F48B}.Release|Any CPU.ActiveCfg = Release|Any CPU
		{2FAAA8FD-8504-4F32-B45E-C6AFA965F48B}.Release|Any CPU.Build.0 = Release|Any CPU
	EndGlobalSection
	GlobalSection(SolutionProperties) = preSolution
		HideSolutionNode = FALSE
	EndGlobalSection
	GlobalSection(ExtensibilityGlobals) = postSolution
		SolutionGuid = {2AC74D2F-9614-4E89-88D7-D9B3AF2F2CF8}
	EndGlobalSection
EndGlobal
